
Microsoft Visual Studio Solution File, Format Version 11.00
# Visual C++ Express 2010
Project("{8BC9CEB8-8B4A-11D0-8D11-00A0C91BC942}") = "dif c polinomom lagranja", "dif c polinomom lagranja\dif c polinomom lagranja.vcxproj", "{AC440988-3707-4E86-9874-ADFD9532D468}"
EndProject
Global
	GlobalSection(SolutionConfigurationPlatforms) = preSolution
		Debug|Win32 = Debug|Win32
		Release|Win32 = Release|Win32
	EndGlobalSection
	GlobalSection(ProjectConfigurationPlatforms) = postSolution
		{AC440988-3707-4E86-9874-ADFD9532D468}.Debug|Win32.ActiveCfg = Debug|Win32
		{AC440988-3707-4E86-9874-ADFD9532D468}.Debug|Win32.Build.0 = Debug|Win32
		{AC440988-3707-4E86-9874-ADFD9532D468}.Release|Win32.ActiveCfg = Release|Win32
		{AC440988-3707-4E86-9874-ADFD9532D468}.Release|Win32.Build.0 = Release|Win32
	EndGlobalSection
	GlobalSection(SolutionProperties) = preSolution
		HideSolutionNode = FALSE
	EndGlobalSection
EndGlobal
