// !$*UTF8*$!
{
	archiveVersion = 1;
	classes = {
	};
	objectVersion = 46;
	objects = {

/* Begin PBXBuildFile section */
		9C17FAD11DF8098900D6A160 /* TimetableViewController.swift in Sources */ = {isa = PBXBuildFile; fileRef = 9C17FAD01DF8098900D6A160 /* TimetableViewController.swift */; };
		9C17FAD31DF8136C00D6A160 /* TimetableViewCell.swift in Sources */ = {isa = PBXBuildFile; fileRef = 9C17FAD21DF8136C00D6A160 /* TimetableViewCell.swift */; };
		9C17FAD41DF8359700D6A160 /* Assets.xcassets in Resources */ = {isa = PBXBuildFile; fileRef = 9CDD01B41DE76B2A00108D00 /* Assets.xcassets */; };
		9C17FAD71DFAC6BB00D6A160 /* Model.xcdatamodeld in Sources */ = {isa = PBXBuildFile; fileRef = 9C17FAD51DFAC6BB00D6A160 /* Model.xcdatamodeld */; };
		9CDD01AE1DE76B2A00108D00 /* AppDelegate.swift in Sources */ = {isa = PBXBuildFile; fileRef = 9CDD01AD1DE76B2A00108D00 /* AppDelegate.swift */; };
		9CDD01B01DE76B2A00108D00 /* ViewController.swift in Sources */ = {isa = PBXBuildFile; fileRef = 9CDD01AF1DE76B2A00108D00 /* ViewController.swift */; };
		9CDD01B31DE76B2A00108D00 /* Main.storyboard in Resources */ = {isa = PBXBuildFile; fileRef = 9CDD01B11DE76B2A00108D00 /* Main.storyboard */; };
		9CDD01B81DE76B2A00108D00 /* LaunchScreen.storyboard in Resources */ = {isa = PBXBuildFile; fileRef = 9CDD01B61DE76B2A00108D00 /* LaunchScreen.storyboard */; };
/* End PBXBuildFile section */

/* Begin PBXFileReference section */
		9C17FAD01DF8098900D6A160 /* TimetableViewController.swift */ = {isa = PBXFileReference; fileEncoding = 4; lastKnownFileType = sourcecode.swift; path = TimetableViewController.swift; sourceTree = "<group>"; };
		9C17FAD21DF8136C00D6A160 /* TimetableViewCell.swift */ = {isa = PBXFileReference; fileEncoding = 4; lastKnownFileType = sourcecode.swift; path = TimetableViewCell.swift; sourceTree = "<group>"; };
		9C17FAD61DFAC6BB00D6A160 /* Model.xcdatamodel */ = {isa = PBXFileReference; lastKnownFileType = wrapper.xcdatamodel; path = Model.xcdatamodel; sourceTree = "<group>"; };
		9CDD01AA1DE76B2A00108D00 /* prototype.app */ = {isa = PBXFileReference; explicitFileType = wrapper.application; includeInIndex = 0; path = prototype.app; sourceTree = BUILT_PRODUCTS_DIR; };
		9CDD01AD1DE76B2A00108D00 /* AppDelegate.swift */ = {isa = PBXFileReference; lastKnownFileType = sourcecode.swift; path = AppDelegate.swift; sourceTree = "<group>"; };
		9CDD01AF1DE76B2A00108D00 /* ViewController.swift */ = {isa = PBXFileReference; lastKnownFileType = sourcecode.swift; path = ViewController.swift; sourceTree = "<group>"; };
		9CDD01B21DE76B2A00108D00 /* Base */ = {isa = PBXFileReference; lastKnownFileType = file.storyboard; name = Base; path = Base.lproj/Main.storyboard; sourceTree = "<group>"; };
		9CDD01B41DE76B2A00108D00 /* Assets.xcassets */ = {isa = PBXFileReference; explicitFileType = wrapper.application; path = Assets.xcassets; sourceTree = "<group>"; };
		9CDD01B71DE76B2A00108D00 /* Base */ = {isa = PBXFileReference; lastKnownFileType = file.storyboard; name = Base; path = Base.lproj/LaunchScreen.storyboard; sourceTree = "<group>"; };
		9CDD01B91DE76B2A00108D00 /* Info.plist */ = {isa = PBXFileReference; lastKnownFileType = text.plist.xml; path = Info.plist; sourceTree = "<group>"; };
/* End PBXFileReference section */

/* Begin PBXFrameworksBuildPhase section */
		9CDD01A71DE76B2900108D00 /* Frameworks */ = {
			isa = PBXFrameworksBuildPhase;
			buildActionMask = 2147483647;
			files = (
			);
			runOnlyForDeploymentPostprocessing = 0;
		};
/* End PBXFrameworksBuildPhase section */

/* Begin PBXGroup section */
		9CDD01A11DE76B2900108D00 = {
			isa = PBXGroup;
			children = (
				9CDD01AC1DE76B2A00108D00 /* prototype */,
				9CDD01AB1DE76B2A00108D00 /* Products */,
			);
			sourceTree = "<group>";
		};
		9CDD01AB1DE76B2A00108D00 /* Products */ = {
			isa = PBXGroup;
			children = (
				9CDD01AA1DE76B2A00108D00 /* prototype.app */,
			);
			name = Products;
			sourceTree = "<group>";
		};
		9CDD01AC1DE76B2A00108D00 /* prototype */ = {
			isa = PBXGroup;
			children = (
				9C17FAD51DFAC6BB00D6A160 /* Model.xcdatamodeld */,
				9CDD01AD1DE76B2A00108D00 /* AppDelegate.swift */,
				9CDD01AF1DE76B2A00108D00 /* ViewController.swift */,
				9CDD01B11DE76B2A00108D00 /* Main.storyboard */,
				9C17FAD01DF8098900D6A160 /* TimetableViewController.swift */,
				9C17FAD21DF8136C00D6A160 /* TimetableViewCell.swift */,
				9CDD01B41DE76B2A00108D00 /* Assets.xcassets */,
				9CDD01B61DE76B2A00108D00 /* LaunchScreen.storyboard */,
				9CDD01B91DE76B2A00108D00 /* Info.plist */,
			);
			path = prototype;
			sourceTree = "<group>";
		};
/* End PBXGroup section */

/* Begin PBXNativeTarget section */
		9CDD01A91DE76B2900108D00 /* prototype */ = {
			isa = PBXNativeTarget;
			buildConfigurationList = 9CDD01BC1DE76B2A00108D00 /* Build configuration list for PBXNativeTarget "prototype" */;
			buildPhases = (
				9CDD01A61DE76B2900108D00 /* Sources */,
				9CDD01A71DE76B2900108D00 /* Frameworks */,
				9CDD01A81DE76B2900108D00 /* Resources */,
			);
			buildRules = (
			);
			dependencies = (
			);
			name = prototype;
			productName = prototype;
			productReference = 9CDD01AA1DE76B2A00108D00 /* prototype.app */;
			productType = "com.apple.product-type.application";
		};
/* End PBXNativeTarget section */

/* Begin PBXProject section */
		9CDD01A21DE76B2900108D00 /* Project object */ = {
			isa = PBXProject;
			attributes = {
				LastSwiftUpdateCheck = 0800;
				LastUpgradeCheck = 0800;
				ORGANIZATIONNAME = Shulyugin;
				TargetAttributes = {
					9CDD01A91DE76B2900108D00 = {
						CreatedOnToolsVersion = 8.0;
						DevelopmentTeam = L52MFQ64CJ;
						ProvisioningStyle = Automatic;
					};
				};
			};
			buildConfigurationList = 9CDD01A51DE76B2900108D00 /* Build configuration list for PBXProject "prototype" */;
			compatibilityVersion = "Xcode 3.2";
			developmentRegion = English;
			hasScannedForEncodings = 0;
			knownRegions = (
				en,
				Base,
			);
			mainGroup = 9CDD01A11DE76B2900108D00;
			productRefGroup = 9CDD01AB1DE76B2A00108D00 /* Products */;
			projectDirPath = "";
			projectRoot = "";
			targets = (
				9CDD01A91DE76B2900108D00 /* prototype */,
			);
		};
/* End PBXProject section */

/* Begin PBXResourcesBuildPhase section */
		9CDD01A81DE76B2900108D00 /* Resources */ = {
			isa = PBXResourcesBuildPhase;
			buildActionMask = 2147483647;
			files = (
				9CDD01B81DE76B2A00108D00 /* LaunchScreen.storyboard in Resources */,
				9C17FAD41DF8359700D6A160 /* Assets.xcassets in Resources */,
				9CDD01B31DE76B2A00108D00 /* Main.storyboard in Resources */,
			);
			runOnlyForDeploymentPostprocessing = 0;
		};
/* End PBXResourcesBuildPhase section */

/* Begin PBXSourcesBuildPhase section */
		9CDD01A61DE76B2900108D00 /* Sources */ = {
			isa = PBXSourcesBuildPhase;
			buildActionMask = 2147483647;
			files = (
				9C17FAD31DF8136C00D6A160 /* TimetableViewCell.swift in Sources */,
				9CDD01B01DE76B2A00108D00 /* ViewController.swift in Sources */,
				9C17FAD71DFAC6BB00D6A160 /* Model.xcdatamodeld in Sources */,
				9C17FAD11DF8098900D6A160 /* TimetableViewController.swift in Sources */,
				9CDD01AE1DE76B2A00108D00 /* AppDelegate.swift in Sources */,
			);
			runOnlyForDeploymentPostprocessing = 0;
		};
/* End PBXSourcesBuildPhase section */

/* Begin PBXVariantGroup section */
		9CDD01B11DE76B2A00108D00 /* Main.storyboard */ = {
			isa = PBXVariantGroup;
			children = (
				9CDD01B21DE76B2A00108D00 /* Base */,
			);
			name = Main.storyboard;
			sourceTree = "<group>";
		};
		9CDD01B61DE76B2A00108D00 /* LaunchScreen.storyboard */ = {
			isa = PBXVariantGroup;
			children = (
				9CDD01B71DE76B2A00108D00 /* Base */,
			);
			name = LaunchScreen.storyboard;
			sourceTree = "<group>";
		};
/* End PBXVariantGroup section */

/* Begin XCBuildConfiguration section */
		9CDD01BA1DE76B2A00108D00 /* Debug */ = {
			isa = XCBuildConfiguration;
			buildSettings = {
				ALWAYS_SEARCH_USER_PATHS = NO;
				CLANG_ANALYZER_NONNULL = YES;
				CLANG_CXX_LANGUAGE_STANDARD = "gnu++0x";
				CLANG_CXX_LIBRARY = "libc++";
				CLANG_ENABLE_MODULES = YES;
				CLANG_ENABLE_OBJC_ARC = YES;
				CLANG_WARN_BOOL_CONVERSION = YES;
				CLANG_WARN_CONSTANT_CONVERSION = YES;
				CLANG_WARN_DIRECT_OBJC_ISA_USAGE = YES_ERROR;
				CLANG_WARN_DOCUMENTATION_COMMENTS = YES;
				CLANG_WARN_EMPTY_BODY = YES;
				CLANG_WARN_ENUM_CONVERSION = YES;
				CLANG_WARN_INFINITE_RECURSION = YES;
				CLANG_WARN_INT_CONVERSION = YES;
				CLANG_WARN_OBJC_ROOT_CLASS = YES_ERROR;
				CLANG_WARN_SUSPICIOUS_MOVES = YES;
				CLANG_WARN_UNREACHABLE_CODE = YES;
				CLANG_WARN__DUPLICATE_METHOD_MATCH = YES;
				"CODE_SIGN_IDENTITY[sdk=iphoneos*]" = "iPhone Developer";
				COPY_PHASE_STRIP = NO;
				DEBUG_INFORMATION_FORMAT = dwarf;
				ENABLE_STRICT_OBJC_MSGSEND = YES;
				ENABLE_TESTABILITY = YES;
				GCC_C_LANGUAGE_STANDARD = gnu99;
				GCC_DYNAMIC_NO_PIC = NO;
				GCC_NO_COMMON_BLOCKS = YES;
				GCC_OPTIMIZATION_LEVEL = 0;
				GCC_PREPROCESSOR_DEFINITIONS = (
					"DEBUG=1",
					"$(inherited)",
				);
				GCC_WARN_64_TO_32_BIT_CONVERSION = YES;
				GCC_WARN_ABOUT_RETURN_TYPE = YES_ERROR;
				GCC_WARN_UNDECLARED_SELECTOR = YES;
				GCC_WARN_UNINITIALIZED_AUTOS = YES_AGGRESSIVE;
				GCC_WARN_UNUSED_FUNCTION = YES;
				GCC_WARN_UNUSED_VARIABLE = YES;
				IPHONEOS_DEPLOYMENT_TARGET = 10.0;
				MTL_ENABLE_DEBUG_INFO = YES;
				ONLY_ACTIVE_ARCH = YES;
				SDKROOT = iphoneos;
				SWIFT_ACTIVE_COMPILATION_CONDITIONS = DEBUG;
				SWIFT_OPTIMIZATION_LEVEL = "-Onone";
			};
			name = Debug;
		};
		9CDD01BB1DE76B2A00108D00 /* Release */ = {
			isa = XCBuildConfiguration;
			buildSettings = {
				ALWAYS_SEARCH_USER_PATHS = NO;
				CLANG_ANALYZER_NONNULL = YES;
				CLANG_CXX_LANGUAGE_STANDARD = "gnu++0x";
				CLANG_CXX_LIBRARY = "libc++";
				CLANG_ENABLE_MODULES = YES;
				CLANG_ENABLE_OBJC_ARC = YES;
				CLANG_WARN_BOOL_CONVERSION = YES;
				CLANG_WARN_CONSTANT_CONVERSION = YES;
				CLANG_WARN_DIRECT_OBJC_ISA_USAGE = YES_ERROR;
				CLANG_WARN_DOCUMENTATION_COMMENTS = YES;
				CLANG_WARN_EMPTY_BODY = YES;
				CLANG_WARN_ENUM_CONVERSION = YES;
				CLANG_WARN_INFINITE_RECURSION = YES;
				CLANG_WARN_INT_CONVERSION = YES;
				CLANG_WARN_OBJC_ROOT_CLASS = YES_ERROR;
				CLANG_WARN_SUSPICIOUS_MOVES = YES;
				CLANG_WARN_UNREACHABLE_CODE = YES;
				CLANG_WARN__DUPLICATE_METHOD_MATCH = YES;
				"CODE_SIGN_IDENTITY[sdk=iphoneos*]" = "iPhone Developer";
				COPY_PHASE_STRIP = NO;
				DEBUG_INFORMATION_FORMAT = "dwarf-with-dsym";
				ENABLE_NS_ASSERTIONS = NO;
				ENABLE_STRICT_OBJC_MSGSEND = YES;
				GCC_C_LANGUAGE_STANDARD = gnu99;
				GCC_NO_COMMON_BLOCKS = YES;
				GCC_WARN_64_TO_32_BIT_CONVERSION = YES;
				GCC_WARN_ABOUT_RETURN_TYPE = YES_ERROR;
				GCC_WARN_UNDECLARED_SELECTOR = YES;
				GCC_WARN_UNINITIALIZED_AUTOS = YES_AGGRESSIVE;
				GCC_WARN_UNUSED_FUNCTION = YES;
				GCC_WARN_UNUSED_VARIABLE = YES;
				IPHONEOS_DEPLOYMENT_TARGET = 10.0;
				MTL_ENABLE_DEBUG_INFO = NO;
				SDKROOT = iphoneos;
				SWIFT_OPTIMIZATION_LEVEL = "-Owholemodule";
				VALIDATE_PRODUCT = YES;
			};
			name = Release;
		};
		9CDD01BD1DE76B2A00108D00 /* Debug */ = {
			isa = XCBuildConfiguration;
			buildSettings = {
				ASSETCATALOG_COMPILER_APPICON_NAME = AppIcon;
				DEVELOPMENT_TEAM = L52MFQ64CJ;
				INFOPLIST_FILE = prototype/Info.plist;
				LD_RUNPATH_SEARCH_PATHS = "$(inherited) @executable_path/Frameworks";
				PRODUCT_BUNDLE_IDENTIFIER = Shulyugin.prototype;
				PRODUCT_NAME = "$(TARGET_NAME)";
				SWIFT_VERSION = 3.0;
			};
			name = Debug;
		};
		9CDD01BE1DE76B2A00108D00 /* Release */ = {
			isa = XCBuildConfiguration;
			buildSettings = {
				ASSETCATALOG_COMPILER_APPICON_NAME = AppIcon;
				DEVELOPMENT_TEAM = L52MFQ64CJ;
				INFOPLIST_FILE = prototype/Info.plist;
				LD_RUNPATH_SEARCH_PATHS = "$(inherited) @executable_path/Frameworks";
				PRODUCT_BUNDLE_IDENTIFIER = Shulyugin.prototype;
				PRODUCT_NAME = "$(TARGET_NAME)";
				SWIFT_VERSION = 3.0;
			};
			name = Release;
		};
/* End XCBuildConfiguration section */

/* Begin XCConfigurationList section */
		9CDD01A51DE76B2900108D00 /* Build configuration list for PBXProject "prototype" */ = {
			isa = XCConfigurationList;
			buildConfigurations = (
				9CDD01BA1DE76B2A00108D00 /* Debug */,
				9CDD01BB1DE76B2A00108D00 /* Release */,
			);
			defaultConfigurationIsVisible = 0;
			defaultConfigurationName = Release;
		};
		9CDD01BC1DE76B2A00108D00 /* Build configuration list for PBXNativeTarget "prototype" */ = {
			isa = XCConfigurationList;
			buildConfigurations = (
				9CDD01BD1DE76B2A00108D00 /* Debug */,
				9CDD01BE1DE76B2A00108D00 /* Release */,
			);
			defaultConfigurationIsVisible = 0;
			defaultConfigurationName = Release;
		};
/* End XCConfigurationList section */

/* Begin XCVersionGroup section */
		9C17FAD51DFAC6BB00D6A160 /* Model.xcdatamodeld */ = {
			isa = XCVersionGroup;
			children = (
				9C17FAD61DFAC6BB00D6A160 /* Model.xcdatamodel */,
			);
			currentVersion = 9C17FAD61DFAC6BB00D6A160 /* Model.xcdatamodel */;
			name = Model.xcdatamodeld;
			path = ../Model.xcdatamodeld;
			sourceTree = "<group>";
			versionGroupType = wrapper.xcdatamodel;
		};
/* End XCVersionGroup section */
	};
	rootObject = 9CDD01A21DE76B2900108D00 /* Project object */;
}
