// !$*UTF8*$!
{
	archiveVersion = 1;
	classes = {
	};
	objectVersion = 46;
	objects = {

/* Begin PBXBuildFile section */
		9C4247BA1DFC6703009F1637 /* AppDelegate.swift in Sources */ = {isa = PBXBuildFile; fileRef = 9C4247B91DFC6703009F1637 /* AppDelegate.swift */; };
		9C4247BC1DFC6703009F1637 /* ViewController.swift in Sources */ = {isa = PBXBuildFile; fileRef = 9C4247BB1DFC6703009F1637 /* ViewController.swift */; };
		9C4247BF1DFC6703009F1637 /* Main.storyboard in Resources */ = {isa = PBXBuildFile; fileRef = 9C4247BD1DFC6703009F1637 /* Main.storyboard */; };
		9C4247C11DFC6703009F1637 /* Assets.xcassets in Resources */ = {isa = PBXBuildFile; fileRef = 9C4247C01DFC6703009F1637 /* Assets.xcassets */; };
		9C4247C41DFC6703009F1637 /* LaunchScreen.storyboard in Resources */ = {isa = PBXBuildFile; fileRef = 9C4247C21DFC6703009F1637 /* LaunchScreen.storyboard */; };
		9C4247D61DFEAB50009F1637 /* MondayViewController.swift in Sources */ = {isa = PBXBuildFile; fileRef = 9C4247D51DFEAB50009F1637 /* MondayViewController.swift */; };
		9C4247D81DFEAD66009F1637 /* TableViewCellMonday.swift in Sources */ = {isa = PBXBuildFile; fileRef = 9C4247D71DFEAD66009F1637 /* TableViewCellMonday.swift */; };
		9C4247DA1DFEB0C7009F1637 /* TuesdayViewController.swift in Sources */ = {isa = PBXBuildFile; fileRef = 9C4247D91DFEB0C7009F1637 /* TuesdayViewController.swift */; };
		9C4247DC1DFEB71F009F1637 /* WednesdayViewController.swift in Sources */ = {isa = PBXBuildFile; fileRef = 9C4247DB1DFEB71F009F1637 /* WednesdayViewController.swift */; };
		9C4247DE1DFEB905009F1637 /* ThursdayViewController.swift in Sources */ = {isa = PBXBuildFile; fileRef = 9C4247DD1DFEB905009F1637 /* ThursdayViewController.swift */; };
		9C4247E01DFEBAF2009F1637 /* FridayViewController.swift in Sources */ = {isa = PBXBuildFile; fileRef = 9C4247DF1DFEBAF2009F1637 /* FridayViewController.swift */; };
		9C4247E21DFEBCE3009F1637 /* SaturdayViewController.swift in Sources */ = {isa = PBXBuildFile; fileRef = 9C4247E11DFEBCE3009F1637 /* SaturdayViewController.swift */; };
/* End PBXBuildFile section */

/* Begin PBXFileReference section */
		9C4247B61DFC6703009F1637 /* test.app */ = {isa = PBXFileReference; explicitFileType = wrapper.application; includeInIndex = 0; path = test.app; sourceTree = BUILT_PRODUCTS_DIR; };
		9C4247B91DFC6703009F1637 /* AppDelegate.swift */ = {isa = PBXFileReference; lastKnownFileType = sourcecode.swift; path = AppDelegate.swift; sourceTree = "<group>"; };
		9C4247BB1DFC6703009F1637 /* ViewController.swift */ = {isa = PBXFileReference; lastKnownFileType = sourcecode.swift; path = ViewController.swift; sourceTree = "<group>"; };
		9C4247BE1DFC6703009F1637 /* Base */ = {isa = PBXFileReference; lastKnownFileType = file.storyboard; name = Base; path = Base.lproj/Main.storyboard; sourceTree = "<group>"; };
		9C4247C01DFC6703009F1637 /* Assets.xcassets */ = {isa = PBXFileReference; lastKnownFileType = folder.assetcatalog; path = Assets.xcassets; sourceTree = "<group>"; };
		9C4247C31DFC6703009F1637 /* Base */ = {isa = PBXFileReference; lastKnownFileType = file.storyboard; name = Base; path = Base.lproj/LaunchScreen.storyboard; sourceTree = "<group>"; };
		9C4247C51DFC6703009F1637 /* Info.plist */ = {isa = PBXFileReference; lastKnownFileType = text.plist.xml; path = Info.plist; sourceTree = "<group>"; };
		9C4247D51DFEAB50009F1637 /* MondayViewController.swift */ = {isa = PBXFileReference; fileEncoding = 4; lastKnownFileType = sourcecode.swift; path = MondayViewController.swift; sourceTree = "<group>"; };
		9C4247D71DFEAD66009F1637 /* TableViewCellMonday.swift */ = {isa = PBXFileReference; fileEncoding = 4; lastKnownFileType = sourcecode.swift; path = TableViewCellMonday.swift; sourceTree = "<group>"; };
		9C4247D91DFEB0C7009F1637 /* TuesdayViewController.swift */ = {isa = PBXFileReference; fileEncoding = 4; lastKnownFileType = sourcecode.swift; path = TuesdayViewController.swift; sourceTree = "<group>"; };
		9C4247DB1DFEB71F009F1637 /* WednesdayViewController.swift */ = {isa = PBXFileReference; fileEncoding = 4; lastKnownFileType = sourcecode.swift; path = WednesdayViewController.swift; sourceTree = "<group>"; };
		9C4247DD1DFEB905009F1637 /* ThursdayViewController.swift */ = {isa = PBXFileReference; fileEncoding = 4; lastKnownFileType = sourcecode.swift; path = ThursdayViewController.swift; sourceTree = "<group>"; };
		9C4247DF1DFEBAF2009F1637 /* FridayViewController.swift */ = {isa = PBXFileReference; fileEncoding = 4; lastKnownFileType = sourcecode.swift; path = FridayViewController.swift; sourceTree = "<group>"; };
		9C4247E11DFEBCE3009F1637 /* SaturdayViewController.swift */ = {isa = PBXFileReference; fileEncoding = 4; lastKnownFileType = sourcecode.swift; path = SaturdayViewController.swift; sourceTree = "<group>"; };
/* End PBXFileReference section */

/* Begin PBXFrameworksBuildPhase section */
		9C4247B31DFC6703009F1637 /* Frameworks */ = {
			isa = PBXFrameworksBuildPhase;
			buildActionMask = 2147483647;
			files = (
			);
			runOnlyForDeploymentPostprocessing = 0;
		};
/* End PBXFrameworksBuildPhase section */

/* Begin PBXGroup section */
		9C4247AD1DFC6702009F1637 = {
			isa = PBXGroup;
			children = (
				9C4247B81DFC6703009F1637 /* test */,
				9C4247B71DFC6703009F1637 /* Products */,
			);
			sourceTree = "<group>";
		};
		9C4247B71DFC6703009F1637 /* Products */ = {
			isa = PBXGroup;
			children = (
				9C4247B61DFC6703009F1637 /* test.app */,
			);
			name = Products;
			sourceTree = "<group>";
		};
		9C4247B81DFC6703009F1637 /* test */ = {
			isa = PBXGroup;
			children = (
				9C4247B91DFC6703009F1637 /* AppDelegate.swift */,
				9C4247BB1DFC6703009F1637 /* ViewController.swift */,
				9C4247D51DFEAB50009F1637 /* MondayViewController.swift */,
				9C4247D91DFEB0C7009F1637 /* TuesdayViewController.swift */,
				9C4247DB1DFEB71F009F1637 /* WednesdayViewController.swift */,
				9C4247DD1DFEB905009F1637 /* ThursdayViewController.swift */,
				9C4247DF1DFEBAF2009F1637 /* FridayViewController.swift */,
				9C4247E11DFEBCE3009F1637 /* SaturdayViewController.swift */,
				9C4247BD1DFC6703009F1637 /* Main.storyboard */,
				9C4247C01DFC6703009F1637 /* Assets.xcassets */,
				9C4247C21DFC6703009F1637 /* LaunchScreen.storyboard */,
				9C4247C51DFC6703009F1637 /* Info.plist */,
				9C4247D71DFEAD66009F1637 /* TableViewCellMonday.swift */,
			);
			path = test;
			sourceTree = "<group>";
		};
/* End PBXGroup section */

/* Begin PBXNativeTarget section */
		9C4247B51DFC6703009F1637 /* test */ = {
			isa = PBXNativeTarget;
			buildConfigurationList = 9C4247C81DFC6703009F1637 /* Build configuration list for PBXNativeTarget "test" */;
			buildPhases = (
				9C4247B21DFC6703009F1637 /* Sources */,
				9C4247B31DFC6703009F1637 /* Frameworks */,
				9C4247B41DFC6703009F1637 /* Resources */,
			);
			buildRules = (
			);
			dependencies = (
			);
			name = test;
			productName = test;
			productReference = 9C4247B61DFC6703009F1637 /* test.app */;
			productType = "com.apple.product-type.application";
		};
/* End PBXNativeTarget section */

/* Begin PBXProject section */
		9C4247AE1DFC6702009F1637 /* Project object */ = {
			isa = PBXProject;
			attributes = {
				LastSwiftUpdateCheck = 0800;
				LastUpgradeCheck = 0800;
				ORGANIZATIONNAME = Shulyugin;
				TargetAttributes = {
					9C4247B51DFC6703009F1637 = {
						CreatedOnToolsVersion = 8.0;
						DevelopmentTeam = L52MFQ64CJ;
						ProvisioningStyle = Automatic;
					};
				};
			};
			buildConfigurationList = 9C4247B11DFC6702009F1637 /* Build configuration list for PBXProject "test" */;
			compatibilityVersion = "Xcode 3.2";
			developmentRegion = English;
			hasScannedForEncodings = 0;
			knownRegions = (
				en,
				Base,
			);
			mainGroup = 9C4247AD1DFC6702009F1637;
			productRefGroup = 9C4247B71DFC6703009F1637 /* Products */;
			projectDirPath = "";
			projectRoot = "";
			targets = (
				9C4247B51DFC6703009F1637 /* test */,
			);
		};
/* End PBXProject section */

/* Begin PBXResourcesBuildPhase section */
		9C4247B41DFC6703009F1637 /* Resources */ = {
			isa = PBXResourcesBuildPhase;
			buildActionMask = 2147483647;
			files = (
				9C4247C41DFC6703009F1637 /* LaunchScreen.storyboard in Resources */,
				9C4247C11DFC6703009F1637 /* Assets.xcassets in Resources */,
				9C4247BF1DFC6703009F1637 /* Main.storyboard in Resources */,
			);
			runOnlyForDeploymentPostprocessing = 0;
		};
/* End PBXResourcesBuildPhase section */

/* Begin PBXSourcesBuildPhase section */
		9C4247B21DFC6703009F1637 /* Sources */ = {
			isa = PBXSourcesBuildPhase;
			buildActionMask = 2147483647;
			files = (
				9C4247D61DFEAB50009F1637 /* MondayViewController.swift in Sources */,
				9C4247DA1DFEB0C7009F1637 /* TuesdayViewController.swift in Sources */,
				9C4247BC1DFC6703009F1637 /* ViewController.swift in Sources */,
				9C4247E01DFEBAF2009F1637 /* FridayViewController.swift in Sources */,
				9C4247BA1DFC6703009F1637 /* AppDelegate.swift in Sources */,
				9C4247D81DFEAD66009F1637 /* TableViewCellMonday.swift in Sources */,
				9C4247DC1DFEB71F009F1637 /* WednesdayViewController.swift in Sources */,
				9C4247E21DFEBCE3009F1637 /* SaturdayViewController.swift in Sources */,
				9C4247DE1DFEB905009F1637 /* ThursdayViewController.swift in Sources */,
			);
			runOnlyForDeploymentPostprocessing = 0;
		};
/* End PBXSourcesBuildPhase section */

/* Begin PBXVariantGroup section */
		9C4247BD1DFC6703009F1637 /* Main.storyboard */ = {
			isa = PBXVariantGroup;
			children = (
				9C4247BE1DFC6703009F1637 /* Base */,
			);
			name = Main.storyboard;
			sourceTree = "<group>";
		};
		9C4247C21DFC6703009F1637 /* LaunchScreen.storyboard */ = {
			isa = PBXVariantGroup;
			children = (
				9C4247C31DFC6703009F1637 /* Base */,
			);
			name = LaunchScreen.storyboard;
			sourceTree = "<group>";
		};
/* End PBXVariantGroup section */

/* Begin XCBuildConfiguration section */
		9C4247C61DFC6703009F1637 /* Debug */ = {
			isa = XCBuildConfiguration;
			buildSettings = {
				ALWAYS_SEARCH_USER_PATHS = NO;
				CLANG_ANALYZER_NONNULL = YES;
				CLANG_CXX_LANGUAGE_STANDARD = "gnu++0x";
				CLANG_CXX_LIBRARY = "libc++";
				CLANG_ENABLE_MODULES = YES;
				CLANG_ENABLE_OBJC_ARC = YES;
				CLANG_WARN_BOOL_CONVERSION = YES;
				CLANG_WARN_CONSTANT_CONVERSION = YES;
				CLANG_WARN_DIRECT_OBJC_ISA_USAGE = YES_ERROR;
				CLANG_WARN_DOCUMENTATION_COMMENTS = YES;
				CLANG_WARN_EMPTY_BODY = YES;
				CLANG_WARN_ENUM_CONVERSION = YES;
				CLANG_WARN_INFINITE_RECURSION = YES;
				CLANG_WARN_INT_CONVERSION = YES;
				CLANG_WARN_OBJC_ROOT_CLASS = YES_ERROR;
				CLANG_WARN_SUSPICIOUS_MOVES = YES;
				CLANG_WARN_UNREACHABLE_CODE = YES;
				CLANG_WARN__DUPLICATE_METHOD_MATCH = YES;
				"CODE_SIGN_IDENTITY[sdk=iphoneos*]" = "iPhone Developer";
				COPY_PHASE_STRIP = NO;
				DEBUG_INFORMATION_FORMAT = dwarf;
				ENABLE_STRICT_OBJC_MSGSEND = YES;
				ENABLE_TESTABILITY = YES;
				GCC_C_LANGUAGE_STANDARD = gnu99;
				GCC_DYNAMIC_NO_PIC = NO;
				GCC_NO_COMMON_BLOCKS = YES;
				GCC_OPTIMIZATION_LEVEL = 0;
				GCC_PREPROCESSOR_DEFINITIONS = (
					"DEBUG=1",
					"$(inherited)",
				);
				GCC_WARN_64_TO_32_BIT_CONVERSION = YES;
				GCC_WARN_ABOUT_RETURN_TYPE = YES_ERROR;
				GCC_WARN_UNDECLARED_SELECTOR = YES;
				GCC_WARN_UNINITIALIZED_AUTOS = YES_AGGRESSIVE;
				GCC_WARN_UNUSED_FUNCTION = YES;
				GCC_WARN_UNUSED_VARIABLE = YES;
				IPHONEOS_DEPLOYMENT_TARGET = 10.0;
				MTL_ENABLE_DEBUG_INFO = YES;
				ONLY_ACTIVE_ARCH = YES;
				SDKROOT = iphoneos;
				SWIFT_ACTIVE_COMPILATION_CONDITIONS = DEBUG;
				SWIFT_OPTIMIZATION_LEVEL = "-Onone";
			};
			name = Debug;
		};
		9C4247C71DFC6703009F1637 /* Release */ = {
			isa = XCBuildConfiguration;
			buildSettings = {
				ALWAYS_SEARCH_USER_PATHS = NO;
				CLANG_ANALYZER_NONNULL = YES;
				CLANG_CXX_LANGUAGE_STANDARD = "gnu++0x";
				CLANG_CXX_LIBRARY = "libc++";
				CLANG_ENABLE_MODULES = YES;
				CLANG_ENABLE_OBJC_ARC = YES;
				CLANG_WARN_BOOL_CONVERSION = YES;
				CLANG_WARN_CONSTANT_CONVERSION = YES;
				CLANG_WARN_DIRECT_OBJC_ISA_USAGE = YES_ERROR;
				CLANG_WARN_DOCUMENTATION_COMMENTS = YES;
				CLANG_WARN_EMPTY_BODY = YES;
				CLANG_WARN_ENUM_CONVERSION = YES;
				CLANG_WARN_INFINITE_RECURSION = YES;
				CLANG_WARN_INT_CONVERSION = YES;
				CLANG_WARN_OBJC_ROOT_CLASS = YES_ERROR;
				CLANG_WARN_SUSPICIOUS_MOVES = YES;
				CLANG_WARN_UNREACHABLE_CODE = YES;
				CLANG_WARN__DUPLICATE_METHOD_MATCH = YES;
				"CODE_SIGN_IDENTITY[sdk=iphoneos*]" = "iPhone Developer";
				COPY_PHASE_STRIP = NO;
				DEBUG_INFORMATION_FORMAT = "dwarf-with-dsym";
				ENABLE_NS_ASSERTIONS = NO;
				ENABLE_STRICT_OBJC_MSGSEND = YES;
				GCC_C_LANGUAGE_STANDARD = gnu99;
				GCC_NO_COMMON_BLOCKS = YES;
				GCC_WARN_64_TO_32_BIT_CONVERSION = YES;
				GCC_WARN_ABOUT_RETURN_TYPE = YES_ERROR;
				GCC_WARN_UNDECLARED_SELECTOR = YES;
				GCC_WARN_UNINITIALIZED_AUTOS = YES_AGGRESSIVE;
				GCC_WARN_UNUSED_FUNCTION = YES;
				GCC_WARN_UNUSED_VARIABLE = YES;
				IPHONEOS_DEPLOYMENT_TARGET = 10.0;
				MTL_ENABLE_DEBUG_INFO = NO;
				SDKROOT = iphoneos;
				SWIFT_OPTIMIZATION_LEVEL = "-Owholemodule";
				VALIDATE_PRODUCT = YES;
			};
			name = Release;
		};
		9C4247C91DFC6703009F1637 /* Debug */ = {
			isa = XCBuildConfiguration;
			buildSettings = {
				ASSETCATALOG_COMPILER_APPICON_NAME = AppIcon;
				DEVELOPMENT_TEAM = L52MFQ64CJ;
				INFOPLIST_FILE = test/Info.plist;
				LD_RUNPATH_SEARCH_PATHS = "$(inherited) @executable_path/Frameworks";
				PRODUCT_BUNDLE_IDENTIFIER = Shulyugin.test;
				PRODUCT_NAME = "$(TARGET_NAME)";
				SWIFT_VERSION = 3.0;
			};
			name = Debug;
		};
		9C4247CA1DFC6703009F1637 /* Release */ = {
			isa = XCBuildConfiguration;
			buildSettings = {
				ASSETCATALOG_COMPILER_APPICON_NAME = AppIcon;
				DEVELOPMENT_TEAM = L52MFQ64CJ;
				INFOPLIST_FILE = test/Info.plist;
				LD_RUNPATH_SEARCH_PATHS = "$(inherited) @executable_path/Frameworks";
				PRODUCT_BUNDLE_IDENTIFIER = Shulyugin.test;
				PRODUCT_NAME = "$(TARGET_NAME)";
				SWIFT_VERSION = 3.0;
			};
			name = Release;
		};
/* End XCBuildConfiguration section */

/* Begin XCConfigurationList section */
		9C4247B11DFC6702009F1637 /* Build configuration list for PBXProject "test" */ = {
			isa = XCConfigurationList;
			buildConfigurations = (
				9C4247C61DFC6703009F1637 /* Debug */,
				9C4247C71DFC6703009F1637 /* Release */,
			);
			defaultConfigurationIsVisible = 0;
			defaultConfigurationName = Release;
		};
		9C4247C81DFC6703009F1637 /* Build configuration list for PBXNativeTarget "test" */ = {
			isa = XCConfigurationList;
			buildConfigurations = (
				9C4247C91DFC6703009F1637 /* Debug */,
				9C4247CA1DFC6703009F1637 /* Release */,
			);
			defaultConfigurationIsVisible = 0;
			defaultConfigurationName = Release;
		};
/* End XCConfigurationList section */
	};
	rootObject = 9C4247AE1DFC6702009F1637 /* Project object */;
}
